// !$*UTF8*$!
{
	archiveVersion = 1;
	classes = {
	};
	objectVersion = 46;
	objects = {

/* Begin PBXBuildFile section */
		70757B1D19A8F51100C0E2CF /* Foundation.framework in Frameworks */ = {isa = PBXBuildFile; fileRef = 70757B1C19A8F51100C0E2CF /* Foundation.framework */; };
		70757B1F19A8F51100C0E2CF /* CoreGraphics.framework in Frameworks */ = {isa = PBXBuildFile; fileRef = 70757B1E19A8F51100C0E2CF /* CoreGraphics.framework */; };
		70757B2119A8F51100C0E2CF /* UIKit.framework in Frameworks */ = {isa = PBXBuildFile; fileRef = 70757B2019A8F51100C0E2CF /* UIKit.framework */; };
		70757B2719A8F51100C0E2CF /* InfoPlist.strings in Resources */ = {isa = PBXBuildFile; fileRef = 70757B2519A8F51100C0E2CF /* InfoPlist.strings */; };
		70757B2919A8F51100C0E2CF /* main.m in Sources */ = {isa = PBXBuildFile; fileRef = 70757B2819A8F51100C0E2CF /* main.m */; };
		70757B2F19A8F51100C0E2CF /* Images.xcassets in Resources */ = {isa = PBXBuildFile; fileRef = 70757B2E19A8F51100C0E2CF /* Images.xcassets */; };
		70757B3619A8F51100C0E2CF /* XCTest.framework in Frameworks */ = {isa = PBXBuildFile; fileRef = 70757B3519A8F51100C0E2CF /* XCTest.framework */; };
		70757B3719A8F51100C0E2CF /* Foundation.framework in Frameworks */ = {isa = PBXBuildFile; fileRef = 70757B1C19A8F51100C0E2CF /* Foundation.framework */; };
		70757B3819A8F51100C0E2CF /* UIKit.framework in Frameworks */ = {isa = PBXBuildFile; fileRef = 70757B2019A8F51100C0E2CF /* UIKit.framework */; };
		70757B4019A8F51100C0E2CF /* InfoPlist.strings in Resources */ = {isa = PBXBuildFile; fileRef = 70757B3E19A8F51100C0E2CF /* InfoPlist.strings */; };
		70757B4219A8F51100C0E2CF /* Popping_OverlayTests.m in Sources */ = {isa = PBXBuildFile; fileRef = 70757B4119A8F51100C0E2CF /* Popping_OverlayTests.m */; };
		70757B5119A8F72700C0E2CF /* JSPoppingOverlay.m in Sources */ = {isa = PBXBuildFile; fileRef = 70757B5019A8F72700C0E2CF /* JSPoppingOverlay.m */; };
		70757B5919A8F9D100C0E2CF /* UIView+JSPoppingOverlay.m in Sources */ = {isa = PBXBuildFile; fileRef = 70757B5819A8F9D100C0E2CF /* UIView+JSPoppingOverlay.m */; };
		70757B5D19A914E100C0E2CF /* Popping Overlay-Info.plist in Resources */ = {isa = PBXBuildFile; fileRef = 70757B2419A8F51100C0E2CF /* Popping Overlay-Info.plist */; };
		70757B6519A9151600C0E2CF /* ViewController.m in Sources */ = {isa = PBXBuildFile; fileRef = 70757B5F19A9151600C0E2CF /* ViewController.m */; };
		70757B6619A9151600C0E2CF /* AppDelegate.m in Sources */ = {isa = PBXBuildFile; fileRef = 70757B6019A9151600C0E2CF /* AppDelegate.m */; };
		70757B6719A9151600C0E2CF /* SHIP.png in Resources */ = {isa = PBXBuildFile; fileRef = 70757B6319A9151600C0E2CF /* SHIP.png */; };
		70757B6A19A91DE500C0E2CF /* error@2x.png in Resources */ = {isa = PBXBuildFile; fileRef = 70757B6819A91DE500C0E2CF /* error@2x.png */; };
		70757B6B19A91DE500C0E2CF /* success@2x.png in Resources */ = {isa = PBXBuildFile; fileRef = 70757B6919A91DE500C0E2CF /* success@2x.png */; };
/* End PBXBuildFile section */

/* Begin PBXContainerItemProxy section */
		70757B3919A8F51100C0E2CF /* PBXContainerItemProxy */ = {
			isa = PBXContainerItemProxy;
			containerPortal = 70757B1119A8F51100C0E2CF /* Project object */;
			proxyType = 1;
			remoteGlobalIDString = 70757B1819A8F51100C0E2CF;
			remoteInfo = "Popping Overlay";
		};
/* End PBXContainerItemProxy section */

/* Begin PBXFileReference section */
		70757B1919A8F51100C0E2CF /* Popping Overlay.app */ = {isa = PBXFileReference; explicitFileType = wrapper.application; includeInIndex = 0; path = "Popping Overlay.app"; sourceTree = BUILT_PRODUCTS_DIR; };
		70757B1C19A8F51100C0E2CF /* Foundation.framework */ = {isa = PBXFileReference; lastKnownFileType = wrapper.framework; name = Foundation.framework; path = System/Library/Frameworks/Foundation.framework; sourceTree = SDKROOT; };
		70757B1E19A8F51100C0E2CF /* CoreGraphics.framework */ = {isa = PBXFileReference; lastKnownFileType = wrapper.framework; name = CoreGraphics.framework; path = System/Library/Frameworks/CoreGraphics.framework; sourceTree = SDKROOT; };
		70757B2019A8F51100C0E2CF /* UIKit.framework */ = {isa = PBXFileReference; lastKnownFileType = wrapper.framework; name = UIKit.framework; path = System/Library/Frameworks/UIKit.framework; sourceTree = SDKROOT; };
		70757B2419A8F51100C0E2CF /* Popping Overlay-Info.plist */ = {isa = PBXFileReference; fileEncoding = 4; lastKnownFileType = text.plist.xml; path = "Popping Overlay-Info.plist"; sourceTree = "<group>"; };
		70757B2619A8F51100C0E2CF /* en */ = {isa = PBXFileReference; lastKnownFileType = text.plist.strings; name = en; path = en.lproj/InfoPlist.strings; sourceTree = "<group>"; };
		70757B2819A8F51100C0E2CF /* main.m */ = {isa = PBXFileReference; lastKnownFileType = sourcecode.c.objc; path = main.m; sourceTree = "<group>"; };
		70757B2A19A8F51100C0E2CF /* Popping Overlay-Prefix.pch */ = {isa = PBXFileReference; lastKnownFileType = sourcecode.c.h; path = "Popping Overlay-Prefix.pch"; sourceTree = "<group>"; };
		70757B2E19A8F51100C0E2CF /* Images.xcassets */ = {isa = PBXFileReference; lastKnownFileType = folder.assetcatalog; path = Images.xcassets; sourceTree = "<group>"; };
		70757B3419A8F51100C0E2CF /* Popping OverlayTests.xctest */ = {isa = PBXFileReference; explicitFileType = wrapper.cfbundle; includeInIndex = 0; path = "Popping OverlayTests.xctest"; sourceTree = BUILT_PRODUCTS_DIR; };
		70757B3519A8F51100C0E2CF /* XCTest.framework */ = {isa = PBXFileReference; lastKnownFileType = wrapper.framework; name = XCTest.framework; path = Library/Frameworks/XCTest.framework; sourceTree = DEVELOPER_DIR; };
		70757B3D19A8F51100C0E2CF /* Popping OverlayTests-Info.plist */ = {isa = PBXFileReference; lastKnownFileType = text.plist.xml; path = "Popping OverlayTests-Info.plist"; sourceTree = "<group>"; };
		70757B3F19A8F51100C0E2CF /* en */ = {isa = PBXFileReference; lastKnownFileType = text.plist.strings; name = en; path = en.lproj/InfoPlist.strings; sourceTree = "<group>"; };
		70757B4119A8F51100C0E2CF /* Popping_OverlayTests.m */ = {isa = PBXFileReference; lastKnownFileType = sourcecode.c.objc; path = Popping_OverlayTests.m; sourceTree = "<group>"; };
		70757B4F19A8F72700C0E2CF /* JSPoppingOverlay.h */ = {isa = PBXFileReference; fileEncoding = 4; lastKnownFileType = sourcecode.c.h; name = JSPoppingOverlay.h; path = JSPoppingOverlay/JSPoppingOverlay.h; sourceTree = "<group>"; };
		70757B5019A8F72700C0E2CF /* JSPoppingOverlay.m */ = {isa = PBXFileReference; fileEncoding = 4; lastKnownFileType = sourcecode.c.objc; name = JSPoppingOverlay.m; path = JSPoppingOverlay/JSPoppingOverlay.m; sourceTree = "<group>"; };
		70757B5719A8F9D100C0E2CF /* UIView+JSPoppingOverlay.h */ = {isa = PBXFileReference; fileEncoding = 4; lastKnownFileType = sourcecode.c.h; name = "UIView+JSPoppingOverlay.h"; path = "JSPoppingOverlay/UIView+JSPoppingOverlay.h"; sourceTree = "<group>"; };
		70757B5819A8F9D100C0E2CF /* UIView+JSPoppingOverlay.m */ = {isa = PBXFileReference; fileEncoding = 4; lastKnownFileType = sourcecode.c.objc; name = "UIView+JSPoppingOverlay.m"; path = "JSPoppingOverlay/UIView+JSPoppingOverlay.m"; sourceTree = "<group>"; };
		70757B5F19A9151600C0E2CF /* ViewController.m */ = {isa = PBXFileReference; fileEncoding = 4; lastKnownFileType = sourcecode.c.objc; name = ViewController.m; path = Demo/ViewController.m; sourceTree = "<group>"; };
		70757B6019A9151600C0E2CF /* AppDelegate.m */ = {isa = PBXFileReference; fileEncoding = 4; lastKnownFileType = sourcecode.c.objc; name = AppDelegate.m; path = Demo/AppDelegate.m; sourceTree = "<group>"; };
		70757B6119A9151600C0E2CF /* ViewController.h */ = {isa = PBXFileReference; fileEncoding = 4; lastKnownFileType = sourcecode.c.h; name = ViewController.h; path = Demo/ViewController.h; sourceTree = "<group>"; };
		70757B6219A9151600C0E2CF /* AppDelegate.h */ = {isa = PBXFileReference; fileEncoding = 4; lastKnownFileType = sourcecode.c.h; name = AppDelegate.h; path = Demo/AppDelegate.h; sourceTree = "<group>"; };
		70757B6319A9151600C0E2CF /* SHIP.png */ = {isa = PBXFileReference; lastKnownFileType = image.png; name = SHIP.png; path = Demo/SHIP.png; sourceTree = "<group>"; };
		70757B6819A91DE500C0E2CF /* error@2x.png */ = {isa = PBXFileReference; lastKnownFileType = image.png; name = "error@2x.png"; path = "Demo/error@2x.png"; sourceTree = "<group>"; };
		70757B6919A91DE500C0E2CF /* success@2x.png */ = {isa = PBXFileReference; lastKnownFileType = image.png; name = "success@2x.png"; path = "Demo/success@2x.png"; sourceTree = "<group>"; };
/* End PBXFileReference section */

/* Begin PBXFrameworksBuildPhase section */
		70757B1619A8F51100C0E2CF /* Frameworks */ = {
			isa = PBXFrameworksBuildPhase;
			buildActionMask = 2147483647;
			files = (
				70757B1F19A8F51100C0E2CF /* CoreGraphics.framework in Frameworks */,
				70757B2119A8F51100C0E2CF /* UIKit.framework in Frameworks */,
				70757B1D19A8F51100C0E2CF /* Foundation.framework in Frameworks */,
			);
			runOnlyForDeploymentPostprocessing = 0;
		};
		70757B3119A8F51100C0E2CF /* Frameworks */ = {
			isa = PBXFrameworksBuildPhase;
			buildActionMask = 2147483647;
			files = (
				70757B3619A8F51100C0E2CF /* XCTest.framework in Frameworks */,
				70757B3819A8F51100C0E2CF /* UIKit.framework in Frameworks */,
				70757B3719A8F51100C0E2CF /* Foundation.framework in Frameworks */,
			);
			runOnlyForDeploymentPostprocessing = 0;
		};
/* End PBXFrameworksBuildPhase section */

/* Begin PBXGroup section */
		70757B1019A8F51100C0E2CF = {
			isa = PBXGroup;
			children = (
				70757B2219A8F51100C0E2CF /* Popping Overlay */,
				70757B3B19A8F51100C0E2CF /* Popping OverlayTests */,
				70757B1B19A8F51100C0E2CF /* Frameworks */,
				70757B1A19A8F51100C0E2CF /* Products */,
			);
			sourceTree = "<group>";
		};
		70757B1A19A8F51100C0E2CF /* Products */ = {
			isa = PBXGroup;
			children = (
				70757B1919A8F51100C0E2CF /* Popping Overlay.app */,
				70757B3419A8F51100C0E2CF /* Popping OverlayTests.xctest */,
			);
			name = Products;
			sourceTree = "<group>";
		};
		70757B1B19A8F51100C0E2CF /* Frameworks */ = {
			isa = PBXGroup;
			children = (
				70757B1C19A8F51100C0E2CF /* Foundation.framework */,
				70757B1E19A8F51100C0E2CF /* CoreGraphics.framework */,
				70757B2019A8F51100C0E2CF /* UIKit.framework */,
				70757B3519A8F51100C0E2CF /* XCTest.framework */,
			);
			name = Frameworks;
			sourceTree = "<group>";
		};
		70757B2219A8F51100C0E2CF /* Popping Overlay */ = {
			isa = PBXGroup;
			children = (
				70757B5C19A914C000C0E2CF /* Demo */,
				70757B4E19A8F6FF00C0E2CF /* JSPoppingOverlay */,
				70757B2E19A8F51100C0E2CF /* Images.xcassets */,
				70757B2319A8F51100C0E2CF /* Supporting Files */,
			);
			path = "Popping Overlay";
			sourceTree = "<group>";
		};
		70757B2319A8F51100C0E2CF /* Supporting Files */ = {
			isa = PBXGroup;
			children = (
				70757B2419A8F51100C0E2CF /* Popping Overlay-Info.plist */,
				70757B2519A8F51100C0E2CF /* InfoPlist.strings */,
				70757B2819A8F51100C0E2CF /* main.m */,
				70757B2A19A8F51100C0E2CF /* Popping Overlay-Prefix.pch */,
			);
			name = "Supporting Files";
			sourceTree = "<group>";
		};
		70757B3B19A8F51100C0E2CF /* Popping OverlayTests */ = {
			isa = PBXGroup;
			children = (
				70757B4119A8F51100C0E2CF /* Popping_OverlayTests.m */,
				70757B3C19A8F51100C0E2CF /* Supporting Files */,
			);
			path = "Popping OverlayTests";
			sourceTree = "<group>";
		};
		70757B3C19A8F51100C0E2CF /* Supporting Files */ = {
			isa = PBXGroup;
			children = (
				70757B3D19A8F51100C0E2CF /* Popping OverlayTests-Info.plist */,
				70757B3E19A8F51100C0E2CF /* InfoPlist.strings */,
			);
			name = "Supporting Files";
			sourceTree = "<group>";
		};
		70757B4E19A8F6FF00C0E2CF /* JSPoppingOverlay */ = {
			isa = PBXGroup;
			children = (
				70757B4F19A8F72700C0E2CF /* JSPoppingOverlay.h */,
				70757B5019A8F72700C0E2CF /* JSPoppingOverlay.m */,
				70757B5719A8F9D100C0E2CF /* UIView+JSPoppingOverlay.h */,
				70757B5819A8F9D100C0E2CF /* UIView+JSPoppingOverlay.m */,
			);
			name = JSPoppingOverlay;
			sourceTree = "<group>";
		};
		70757B5C19A914C000C0E2CF /* Demo */ = {
			isa = PBXGroup;
			children = (
				70757B6219A9151600C0E2CF /* AppDelegate.h */,
				70757B6019A9151600C0E2CF /* AppDelegate.m */,
				70757B6119A9151600C0E2CF /* ViewController.h */,
				70757B5F19A9151600C0E2CF /* ViewController.m */,
				70757B6819A91DE500C0E2CF /* error@2x.png */,
				70757B6919A91DE500C0E2CF /* success@2x.png */,
				70757B6319A9151600C0E2CF /* SHIP.png */,
			);
			name = Demo;
			sourceTree = "<group>";
		};
/* End PBXGroup section */

/* Begin PBXNativeTarget section */
		70757B1819A8F51100C0E2CF /* Popping Overlay */ = {
			isa = PBXNativeTarget;
			buildConfigurationList = 70757B4519A8F51100C0E2CF /* Build configuration list for PBXNativeTarget "Popping Overlay" */;
			buildPhases = (
				70757B1519A8F51100C0E2CF /* Sources */,
				70757B1619A8F51100C0E2CF /* Frameworks */,
				70757B1719A8F51100C0E2CF /* Resources */,
			);
			buildRules = (
			);
			dependencies = (
			);
			name = "Popping Overlay";
			productName = "Popping Overlay";
			productReference = 70757B1919A8F51100C0E2CF /* Popping Overlay.app */;
			productType = "com.apple.product-type.application";
		};
		70757B3319A8F51100C0E2CF /* Popping OverlayTests */ = {
			isa = PBXNativeTarget;
			buildConfigurationList = 70757B4819A8F51100C0E2CF /* Build configuration list for PBXNativeTarget "Popping OverlayTests" */;
			buildPhases = (
				70757B3019A8F51100C0E2CF /* Sources */,
				70757B3119A8F51100C0E2CF /* Frameworks */,
				70757B3219A8F51100C0E2CF /* Resources */,
			);
			buildRules = (
			);
			dependencies = (
				70757B3A19A8F51100C0E2CF /* PBXTargetDependency */,
			);
			name = "Popping OverlayTests";
			productName = "Popping OverlayTests";
			productReference = 70757B3419A8F51100C0E2CF /* Popping OverlayTests.xctest */;
			productType = "com.apple.product-type.bundle.unit-test";
		};
/* End PBXNativeTarget section */

/* Begin PBXProject section */
		70757B1119A8F51100C0E2CF /* Project object */ = {
			isa = PBXProject;
			attributes = {
				LastUpgradeCheck = 0510;
				ORGANIZATIONNAME = "Justin Sacbibit";
				TargetAttributes = {
					70757B3319A8F51100C0E2CF = {
						TestTargetID = 70757B1819A8F51100C0E2CF;
					};
				};
			};
			buildConfigurationList = 70757B1419A8F51100C0E2CF /* Build configuration list for PBXProject "Popping Overlay" */;
			compatibilityVersion = "Xcode 3.2";
			developmentRegion = English;
			hasScannedForEncodings = 0;
			knownRegions = (
				en,
			);
			mainGroup = 70757B1019A8F51100C0E2CF;
			productRefGroup = 70757B1A19A8F51100C0E2CF /* Products */;
			projectDirPath = "";
			projectRoot = "";
			targets = (
				70757B1819A8F51100C0E2CF /* Popping Overlay */,
				70757B3319A8F51100C0E2CF /* Popping OverlayTests */,
			);
		};
/* End PBXProject section */

/* Begin PBXResourcesBuildPhase section */
		70757B1719A8F51100C0E2CF /* Resources */ = {
			isa = PBXResourcesBuildPhase;
			buildActionMask = 2147483647;
			files = (
				70757B5D19A914E100C0E2CF /* Popping Overlay-Info.plist in Resources */,
				70757B6A19A91DE500C0E2CF /* error@2x.png in Resources */,
				70757B6B19A91DE500C0E2CF /* success@2x.png in Resources */,
				70757B2719A8F51100C0E2CF /* InfoPlist.strings in Resources */,
				70757B2F19A8F51100C0E2CF /* Images.xcassets in Resources */,
				70757B6719A9151600C0E2CF /* SHIP.png in Resources */,
			);
			runOnlyForDeploymentPostprocessing = 0;
		};
		70757B3219A8F51100C0E2CF /* Resources */ = {
			isa = PBXResourcesBuildPhase;
			buildActionMask = 2147483647;
			files = (
				70757B4019A8F51100C0E2CF /* InfoPlist.strings in Resources */,
			);
			runOnlyForDeploymentPostprocessing = 0;
		};
/* End PBXResourcesBuildPhase section */

/* Begin PBXSourcesBuildPhase section */
		70757B1519A8F51100C0E2CF /* Sources */ = {
			isa = PBXSourcesBuildPhase;
			buildActionMask = 2147483647;
			files = (
				70757B6519A9151600C0E2CF /* ViewController.m in Sources */,
				70757B5919A8F9D100C0E2CF /* UIView+JSPoppingOverlay.m in Sources */,
				70757B5119A8F72700C0E2CF /* JSPoppingOverlay.m in Sources */,
				70757B2919A8F51100C0E2CF /* main.m in Sources */,
				70757B6619A9151600C0E2CF /* AppDelegate.m in Sources */,
			);
			runOnlyForDeploymentPostprocessing = 0;
		};
		70757B3019A8F51100C0E2CF /* Sources */ = {
			isa = PBXSourcesBuildPhase;
			buildActionMask = 2147483647;
			files = (
				70757B4219A8F51100C0E2CF /* Popping_OverlayTests.m in Sources */,
			);
			runOnlyForDeploymentPostprocessing = 0;
		};
/* End PBXSourcesBuildPhase section */

/* Begin PBXTargetDependency section */
		70757B3A19A8F51100C0E2CF /* PBXTargetDependency */ = {
			isa = PBXTargetDependency;
			target = 70757B1819A8F51100C0E2CF /* Popping Overlay */;
			targetProxy = 70757B3919A8F51100C0E2CF /* PBXContainerItemProxy */;
		};
/* End PBXTargetDependency section */

/* Begin PBXVariantGroup section */
		70757B2519A8F51100C0E2CF /* InfoPlist.strings */ = {
			isa = PBXVariantGroup;
			children = (
				70757B2619A8F51100C0E2CF /* en */,
			);
			name = InfoPlist.strings;
			sourceTree = "<group>";
		};
		70757B3E19A8F51100C0E2CF /* InfoPlist.strings */ = {
			isa = PBXVariantGroup;
			children = (
				70757B3F19A8F51100C0E2CF /* en */,
			);
			name = InfoPlist.strings;
			sourceTree = "<group>";
		};
/* End PBXVariantGroup section */

/* Begin XCBuildConfiguration section */
		70757B4319A8F51100C0E2CF /* Debug */ = {
			isa = XCBuildConfiguration;
			buildSettings = {
				ALWAYS_SEARCH_USER_PATHS = NO;
				CLANG_CXX_LANGUAGE_STANDARD = "gnu++0x";
				CLANG_CXX_LIBRARY = "libc++";
				CLANG_ENABLE_MODULES = YES;
				CLANG_ENABLE_OBJC_ARC = YES;
				CLANG_WARN_BOOL_CONVERSION = YES;
				CLANG_WARN_CONSTANT_CONVERSION = YES;
				CLANG_WARN_DIRECT_OBJC_ISA_USAGE = YES_ERROR;
				CLANG_WARN_EMPTY_BODY = YES;
				CLANG_WARN_ENUM_CONVERSION = YES;
				CLANG_WARN_INT_CONVERSION = YES;
				CLANG_WARN_OBJC_ROOT_CLASS = YES_ERROR;
				CLANG_WARN__DUPLICATE_METHOD_MATCH = YES;
				"CODE_SIGN_IDENTITY[sdk=iphoneos*]" = "iPhone Developer";
				COPY_PHASE_STRIP = NO;
				GCC_C_LANGUAGE_STANDARD = gnu99;
				GCC_DYNAMIC_NO_PIC = NO;
				GCC_OPTIMIZATION_LEVEL = 0;
				GCC_PREPROCESSOR_DEFINITIONS = (
					"DEBUG=1",
					"$(inherited)",
				);
				GCC_SYMBOLS_PRIVATE_EXTERN = NO;
				GCC_WARN_64_TO_32_BIT_CONVERSION = YES;
				GCC_WARN_ABOUT_RETURN_TYPE = YES_ERROR;
				GCC_WARN_UNDECLARED_SELECTOR = YES;
				GCC_WARN_UNINITIALIZED_AUTOS = YES_AGGRESSIVE;
				GCC_WARN_UNUSED_FUNCTION = YES;
				GCC_WARN_UNUSED_VARIABLE = YES;
				IPHONEOS_DEPLOYMENT_TARGET = 7.1;
				ONLY_ACTIVE_ARCH = YES;
				SDKROOT = iphoneos;
				TARGETED_DEVICE_FAMILY = "1,2";
			};
			name = Debug;
		};
		70757B4419A8F51100C0E2CF /* Release */ = {
			isa = XCBuildConfiguration;
			buildSettings = {
				ALWAYS_SEARCH_USER_PATHS = NO;
				CLANG_CXX_LANGUAGE_STANDARD = "gnu++0x";
				CLANG_CXX_LIBRARY = "libc++";
				CLANG_ENABLE_MODULES = YES;
				CLANG_ENABLE_OBJC_ARC = YES;
				CLANG_WARN_BOOL_CONVERSION = YES;
				CLANG_WARN_CONSTANT_CONVERSION = YES;
				CLANG_WARN_DIRECT_OBJC_ISA_USAGE = YES_ERROR;
				CLANG_WARN_EMPTY_BODY = YES;
				CLANG_WARN_ENUM_CONVERSION = YES;
				CLANG_WARN_INT_CONVERSION = YES;
				CLANG_WARN_OBJC_ROOT_CLASS = YES_ERROR;
				CLANG_WARN__DUPLICATE_METHOD_MATCH = YES;
				"CODE_SIGN_IDENTITY[sdk=iphoneos*]" = "iPhone Developer";
				COPY_PHASE_STRIP = YES;
				ENABLE_NS_ASSERTIONS = NO;
				GCC_C_LANGUAGE_STANDARD = gnu99;
				GCC_WARN_64_TO_32_BIT_CONVERSION = YES;
				GCC_WARN_ABOUT_RETURN_TYPE = YES_ERROR;
				GCC_WARN_UNDECLARED_SELECTOR = YES;
				GCC_WARN_UNINITIALIZED_AUTOS = YES_AGGRESSIVE;
				GCC_WARN_UNUSED_FUNCTION = YES;
				GCC_WARN_UNUSED_VARIABLE = YES;
				IPHONEOS_DEPLOYMENT_TARGET = 7.1;
				SDKROOT = iphoneos;
				TARGETED_DEVICE_FAMILY = "1,2";
				VALIDATE_PRODUCT = YES;
			};
			name = Release;
		};
		70757B4619A8F51100C0E2CF /* Debug */ = {
			isa = XCBuildConfiguration;
			buildSettings = {
				ASSETCATALOG_COMPILER_APPICON_NAME = AppIcon;
				ASSETCATALOG_COMPILER_LAUNCHIMAGE_NAME = LaunchImage;
				GCC_PRECOMPILE_PREFIX_HEADER = YES;
				GCC_PREFIX_HEADER = "Popping Overlay/Popping Overlay-Prefix.pch";
				INFOPLIST_FILE = "Popping Overlay/Popping Overlay-Info.plist";
				PRODUCT_NAME = "$(TARGET_NAME)";
				WRAPPER_EXTENSION = app;
			};
			name = Debug;
		};
		70757B4719A8F51100C0E2CF /* Release */ = {
			isa = XCBuildConfiguration;
			buildSettings = {
				ASSETCATALOG_COMPILER_APPICON_NAME = AppIcon;
				ASSETCATALOG_COMPILER_LAUNCHIMAGE_NAME = LaunchImage;
				GCC_PRECOMPILE_PREFIX_HEADER = YES;
				GCC_PREFIX_HEADER = "Popping Overlay/Popping Overlay-Prefix.pch";
				INFOPLIST_FILE = "Popping Overlay/Popping Overlay-Info.plist";
				PRODUCT_NAME = "$(TARGET_NAME)";
				WRAPPER_EXTENSION = app;
			};
			name = Release;
		};
		70757B4919A8F51100C0E2CF /* Debug */ = {
			isa = XCBuildConfiguration;
			buildSettings = {
				BUNDLE_LOADER = "$(BUILT_PRODUCTS_DIR)/Popping Overlay.app/Popping Overlay";
				FRAMEWORK_SEARCH_PATHS = (
					"$(SDKROOT)/Developer/Library/Frameworks",
					"$(inherited)",
					"$(DEVELOPER_FRAMEWORKS_DIR)",
				);
				GCC_PRECOMPILE_PREFIX_HEADER = YES;
				GCC_PREFIX_HEADER = "Popping Overlay/Popping Overlay-Prefix.pch";
				GCC_PREPROCESSOR_DEFINITIONS = (
					"DEBUG=1",
					"$(inherited)",
				);
				INFOPLIST_FILE = "Popping OverlayTests/Popping OverlayTests-Info.plist";
				PRODUCT_NAME = "$(TARGET_NAME)";
				TEST_HOST = "$(BUNDLE_LOADER)";
				WRAPPER_EXTENSION = xctest;
			};
			name = Debug;
		};
		70757B4A19A8F51100C0E2CF /* Release */ = {
			isa = XCBuildConfiguration;
			buildSettings = {
				BUNDLE_LOADER = "$(BUILT_PRODUCTS_DIR)/Popping Overlay.app/Popping Overlay";
				FRAMEWORK_SEARCH_PATHS = (
					"$(SDKROOT)/Developer/Library/Frameworks",
					"$(inherited)",
					"$(DEVELOPER_FRAMEWORKS_DIR)",
				);
				GCC_PRECOMPILE_PREFIX_HEADER = YES;
				GCC_PREFIX_HEADER = "Popping Overlay/Popping Overlay-Prefix.pch";
				INFOPLIST_FILE = "Popping OverlayTests/Popping OverlayTests-Info.plist";
				PRODUCT_NAME = "$(TARGET_NAME)";
				TEST_HOST = "$(BUNDLE_LOADER)";
				WRAPPER_EXTENSION = xctest;
			};
			name = Release;
		};
/* End XCBuildConfiguration section */

/* Begin XCConfigurationList section */
		70757B1419A8F51100C0E2CF /* Build configuration list for PBXProject "Popping Overlay" */ = {
			isa = XCConfigurationList;
			buildConfigurations = (
				70757B4319A8F51100C0E2CF /* Debug */,
				70757B4419A8F51100C0E2CF /* Release */,
			);
			defaultConfigurationIsVisible = 0;
			defaultConfigurationName = Release;
		};
		70757B4519A8F51100C0E2CF /* Build configuration list for PBXNativeTarget "Popping Overlay" */ = {
			isa = XCConfigurationList;
			buildConfigurations = (
				70757B4619A8F51100C0E2CF /* Debug */,
				70757B4719A8F51100C0E2CF /* Release */,
			);
			defaultConfigurationIsVisible = 0;
		};
		70757B4819A8F51100C0E2CF /* Build configuration list for PBXNativeTarget "Popping OverlayTests" */ = {
			isa = XCConfigurationList;
			buildConfigurations = (
				70757B4919A8F51100C0E2CF /* Debug */,
				70757B4A19A8F51100C0E2CF /* Release */,
			);
			defaultConfigurationIsVisible = 0;
		};
/* End XCConfigurationList section */
	};
	rootObject = 70757B1119A8F51100C0E2CF /* Project object */;
}
